// !$*UTF8*$!
{
	archiveVersion = 1;
	classes = {
	};
	objectVersion = 46;
	objects = {

/* Begin PBXBuildFile section */
		535F57E61D912B6C00A4FBD8 /* Gloabl.m in Sources */ = {isa = PBXBuildFile; fileRef = 535F57E51D912B6C00A4FBD8 /* Gloabl.m */; };
		53823A491D912F6F001EA06E /* Downloader.m in Sources */ = {isa = PBXBuildFile; fileRef = 53823A481D912F6F001EA06E /* Downloader.m */; };
		53BDAC9F1D801C2C0092600B /* main.m in Sources */ = {isa = PBXBuildFile; fileRef = 53BDAC9E1D801C2C0092600B /* main.m */; };
		53BDACA21D801C2C0092600B /* AppDelegate.m in Sources */ = {isa = PBXBuildFile; fileRef = 53BDACA11D801C2C0092600B /* AppDelegate.m */; };
		53BDACA51D801C2C0092600B /* ViewController.m in Sources */ = {isa = PBXBuildFile; fileRef = 53BDACA41D801C2C0092600B /* ViewController.m */; };
		53BDACA81D801C2C0092600B /* Main.storyboard in Resources */ = {isa = PBXBuildFile; fileRef = 53BDACA61D801C2C0092600B /* Main.storyboard */; };
		53BDACAA1D801C2C0092600B /* Assets.xcassets in Resources */ = {isa = PBXBuildFile; fileRef = 53BDACA91D801C2C0092600B /* Assets.xcassets */; };
		53BDACAD1D801C2C0092600B /* LaunchScreen.storyboard in Resources */ = {isa = PBXBuildFile; fileRef = 53BDACAB1D801C2C0092600B /* LaunchScreen.storyboard */; };
		53BDACB81D801C2D0092600B /* KSDownloadBackgroundTests.m in Sources */ = {isa = PBXBuildFile; fileRef = 53BDACB71D801C2D0092600B /* KSDownloadBackgroundTests.m */; };
		53BDACC31D801C2D0092600B /* KSDownloadBackgroundUITests.m in Sources */ = {isa = PBXBuildFile; fileRef = 53BDACC21D801C2D0092600B /* KSDownloadBackgroundUITests.m */; };
		99FB3B7E94B82B961E26D2A3 /* libPods-KSDownloadBackground.a in Frameworks */ = {isa = PBXBuildFile; fileRef = C601366502343A7B9B38A236 /* libPods-KSDownloadBackground.a */; };
/* End PBXBuildFile section */

/* Begin PBXContainerItemProxy section */
		53BDACB41D801C2D0092600B /* PBXContainerItemProxy */ = {
			isa = PBXContainerItemProxy;
			containerPortal = 53BDAC921D801C2C0092600B /* Project object */;
			proxyType = 1;
			remoteGlobalIDString = 53BDAC991D801C2C0092600B;
			remoteInfo = KSDownloadBackground;
		};
		53BDACBF1D801C2D0092600B /* PBXContainerItemProxy */ = {
			isa = PBXContainerItemProxy;
			containerPortal = 53BDAC921D801C2C0092600B /* Project object */;
			proxyType = 1;
			remoteGlobalIDString = 53BDAC991D801C2C0092600B;
			remoteInfo = KSDownloadBackground;
		};
/* End PBXContainerItemProxy section */

/* Begin PBXFileReference section */
		535F57E41D912B6C00A4FBD8 /* Gloabl.h */ = {isa = PBXFileReference; fileEncoding = 4; lastKnownFileType = sourcecode.c.h; path = Gloabl.h; sourceTree = "<group>"; };
		535F57E51D912B6C00A4FBD8 /* Gloabl.m */ = {isa = PBXFileReference; fileEncoding = 4; lastKnownFileType = sourcecode.c.objc; path = Gloabl.m; sourceTree = "<group>"; };
		53823A471D912F6F001EA06E /* Downloader.h */ = {isa = PBXFileReference; fileEncoding = 4; lastKnownFileType = sourcecode.c.h; path = Downloader.h; sourceTree = "<group>"; };
		53823A481D912F6F001EA06E /* Downloader.m */ = {isa = PBXFileReference; fileEncoding = 4; lastKnownFileType = sourcecode.c.objc; path = Downloader.m; sourceTree = "<group>"; };
		53BDAC9A1D801C2C0092600B /* KSDownloadBackground.app */ = {isa = PBXFileReference; explicitFileType = wrapper.application; includeInIndex = 0; path = KSDownloadBackground.app; sourceTree = BUILT_PRODUCTS_DIR; };
		53BDAC9E1D801C2C0092600B /* main.m */ = {isa = PBXFileReference; lastKnownFileType = sourcecode.c.objc; path = main.m; sourceTree = "<group>"; };
		53BDACA01D801C2C0092600B /* AppDelegate.h */ = {isa = PBXFileReference; lastKnownFileType = sourcecode.c.h; path = AppDelegate.h; sourceTree = "<group>"; };
		53BDACA11D801C2C0092600B /* AppDelegate.m */ = {isa = PBXFileReference; lastKnownFileType = sourcecode.c.objc; path = AppDelegate.m; sourceTree = "<group>"; };
		53BDACA31D801C2C0092600B /* ViewController.h */ = {isa = PBXFileReference; lastKnownFileType = sourcecode.c.h; path = ViewController.h; sourceTree = "<group>"; };
		53BDACA41D801C2C0092600B /* ViewController.m */ = {isa = PBXFileReference; lastKnownFileType = sourcecode.c.objc; path = ViewController.m; sourceTree = "<group>"; };
		53BDACA71D801C2C0092600B /* Base */ = {isa = PBXFileReference; lastKnownFileType = file.storyboard; name = Base; path = Base.lproj/Main.storyboard; sourceTree = "<group>"; };
		53BDACA91D801C2C0092600B /* Assets.xcassets */ = {isa = PBXFileReference; lastKnownFileType = folder.assetcatalog; path = Assets.xcassets; sourceTree = "<group>"; };
		53BDACAC1D801C2C0092600B /* Base */ = {isa = PBXFileReference; lastKnownFileType = file.storyboard; name = Base; path = Base.lproj/LaunchScreen.storyboard; sourceTree = "<group>"; };
		53BDACAE1D801C2C0092600B /* Info.plist */ = {isa = PBXFileReference; lastKnownFileType = text.plist.xml; path = Info.plist; sourceTree = "<group>"; };
		53BDACB31D801C2D0092600B /* KSDownloadBackgroundTests.xctest */ = {isa = PBXFileReference; explicitFileType = wrapper.cfbundle; includeInIndex = 0; path = KSDownloadBackgroundTests.xctest; sourceTree = BUILT_PRODUCTS_DIR; };
		53BDACB71D801C2D0092600B /* KSDownloadBackgroundTests.m */ = {isa = PBXFileReference; lastKnownFileType = sourcecode.c.objc; path = KSDownloadBackgroundTests.m; sourceTree = "<group>"; };
		53BDACB91D801C2D0092600B /* Info.plist */ = {isa = PBXFileReference; lastKnownFileType = text.plist.xml; path = Info.plist; sourceTree = "<group>"; };
		53BDACBE1D801C2D0092600B /* KSDownloadBackgroundUITests.xctest */ = {isa = PBXFileReference; explicitFileType = wrapper.cfbundle; includeInIndex = 0; path = KSDownloadBackgroundUITests.xctest; sourceTree = BUILT_PRODUCTS_DIR; };
		53BDACC21D801C2D0092600B /* KSDownloadBackgroundUITests.m */ = {isa = PBXFileReference; lastKnownFileType = sourcecode.c.objc; path = KSDownloadBackgroundUITests.m; sourceTree = "<group>"; };
		53BDACC41D801C2D0092600B /* Info.plist */ = {isa = PBXFileReference; lastKnownFileType = text.plist.xml; path = Info.plist; sourceTree = "<group>"; };
		61AB9BF4F5AFAC9552BF7EF6 /* Pods-KSDownloadBackground.debug.xcconfig */ = {isa = PBXFileReference; includeInIndex = 1; lastKnownFileType = text.xcconfig; name = "Pods-KSDownloadBackground.debug.xcconfig"; path = "Pods/Target Support Files/Pods-KSDownloadBackground/Pods-KSDownloadBackground.debug.xcconfig"; sourceTree = "<group>"; };
		7DBF4F15E3174A46FED04B02 /* Pods-KSDownloadBackground.release.xcconfig */ = {isa = PBXFileReference; includeInIndex = 1; lastKnownFileType = text.xcconfig; name = "Pods-KSDownloadBackground.release.xcconfig"; path = "Pods/Target Support Files/Pods-KSDownloadBackground/Pods-KSDownloadBackground.release.xcconfig"; sourceTree = "<group>"; };
		C601366502343A7B9B38A236 /* libPods-KSDownloadBackground.a */ = {isa = PBXFileReference; explicitFileType = archive.ar; includeInIndex = 0; path = "libPods-KSDownloadBackground.a"; sourceTree = BUILT_PRODUCTS_DIR; };
/* End PBXFileReference section */

/* Begin PBXFrameworksBuildPhase section */
		53BDAC971D801C2C0092600B /* Frameworks */ = {
			isa = PBXFrameworksBuildPhase;
			buildActionMask = 2147483647;
			files = (
				99FB3B7E94B82B961E26D2A3 /* libPods-KSDownloadBackground.a in Frameworks */,
			);
			runOnlyForDeploymentPostprocessing = 0;
		};
		53BDACB01D801C2D0092600B /* Frameworks */ = {
			isa = PBXFrameworksBuildPhase;
			buildActionMask = 2147483647;
			files = (
			);
			runOnlyForDeploymentPostprocessing = 0;
		};
		53BDACBB1D801C2D0092600B /* Frameworks */ = {
			isa = PBXFrameworksBuildPhase;
			buildActionMask = 2147483647;
			files = (
			);
			runOnlyForDeploymentPostprocessing = 0;
		};
/* End PBXFrameworksBuildPhase section */

/* Begin PBXGroup section */
		14E62948F6B0155F709CB793 /* Frameworks */ = {
			isa = PBXGroup;
			children = (
				C601366502343A7B9B38A236 /* libPods-KSDownloadBackground.a */,
			);
			name = Frameworks;
			sourceTree = "<group>";
		};
		535F57E21D91272700A4FBD8 /* sessionManger */ = {
			isa = PBXGroup;
			children = (
				53823A471D912F6F001EA06E /* Downloader.h */,
				53823A481D912F6F001EA06E /* Downloader.m */,
			);
			name = sessionManger;
			sourceTree = "<group>";
		};
		53BDAC911D801C2C0092600B = {
			isa = PBXGroup;
			children = (
				53BDAC9C1D801C2C0092600B /* KSDownloadBackground */,
				53BDACB61D801C2D0092600B /* KSDownloadBackgroundTests */,
				53BDACC11D801C2D0092600B /* KSDownloadBackgroundUITests */,
				53BDAC9B1D801C2C0092600B /* Products */,
				E7930A01AD352249B238699C /* Pods */,
				14E62948F6B0155F709CB793 /* Frameworks */,
			);
			sourceTree = "<group>";
		};
		53BDAC9B1D801C2C0092600B /* Products */ = {
			isa = PBXGroup;
			children = (
				53BDAC9A1D801C2C0092600B /* KSDownloadBackground.app */,
				53BDACB31D801C2D0092600B /* KSDownloadBackgroundTests.xctest */,
				53BDACBE1D801C2D0092600B /* KSDownloadBackgroundUITests.xctest */,
			);
			name = Products;
			sourceTree = "<group>";
		};
		53BDAC9C1D801C2C0092600B /* KSDownloadBackground */ = {
			isa = PBXGroup;
			children = (
				535F57E21D91272700A4FBD8 /* sessionManger */,
				53BDACA01D801C2C0092600B /* AppDelegate.h */,
				53BDACA11D801C2C0092600B /* AppDelegate.m */,
				53BDACA31D801C2C0092600B /* ViewController.h */,
				53BDACA41D801C2C0092600B /* ViewController.m */,
				53BDACA61D801C2C0092600B /* Main.storyboard */,
				53BDACA91D801C2C0092600B /* Assets.xcassets */,
				53BDACAB1D801C2C0092600B /* LaunchScreen.storyboard */,
				53BDACAE1D801C2C0092600B /* Info.plist */,
				53BDAC9D1D801C2C0092600B /* Supporting Files */,
				535F57E41D912B6C00A4FBD8 /* Gloabl.h */,
				535F57E51D912B6C00A4FBD8 /* Gloabl.m */,
			);
			path = KSDownloadBackground;
			sourceTree = "<group>";
		};
		53BDAC9D1D801C2C0092600B /* Supporting Files */ = {
			isa = PBXGroup;
			children = (
				53BDAC9E1D801C2C0092600B /* main.m */,
			);
			name = "Supporting Files";
			sourceTree = "<group>";
		};
		53BDACB61D801C2D0092600B /* KSDownloadBackgroundTests */ = {
			isa = PBXGroup;
			children = (
				53BDACB71D801C2D0092600B /* KSDownloadBackgroundTests.m */,
				53BDACB91D801C2D0092600B /* Info.plist */,
			);
			path = KSDownloadBackgroundTests;
			sourceTree = "<group>";
		};
		53BDACC11D801C2D0092600B /* KSDownloadBackgroundUITests */ = {
			isa = PBXGroup;
			children = (
				53BDACC21D801C2D0092600B /* KSDownloadBackgroundUITests.m */,
				53BDACC41D801C2D0092600B /* Info.plist */,
			);
			path = KSDownloadBackgroundUITests;
			sourceTree = "<group>";
		};
		E7930A01AD352249B238699C /* Pods */ = {
			isa = PBXGroup;
			children = (
				61AB9BF4F5AFAC9552BF7EF6 /* Pods-KSDownloadBackground.debug.xcconfig */,
				7DBF4F15E3174A46FED04B02 /* Pods-KSDownloadBackground.release.xcconfig */,
			);
			name = Pods;
			sourceTree = "<group>";
		};
/* End PBXGroup section */

/* Begin PBXNativeTarget section */
		53BDAC991D801C2C0092600B /* KSDownloadBackground */ = {
			isa = PBXNativeTarget;
			buildConfigurationList = 53BDACC71D801C2D0092600B /* Build configuration list for PBXNativeTarget "KSDownloadBackground" */;
			buildPhases = (
				F9C3A7A82405C52BC6071409 /* [CP] Check Pods Manifest.lock */,
				53BDAC961D801C2C0092600B /* Sources */,
				53BDAC971D801C2C0092600B /* Frameworks */,
				53BDAC981D801C2C0092600B /* Resources */,
				A8D076EB96ACAA8628EDCB86 /* [CP] Embed Pods Frameworks */,
				596CC0AA6CCB1E84E88F7DC3 /* [CP] Copy Pods Resources */,
			);
			buildRules = (
			);
			dependencies = (
			);
			name = KSDownloadBackground;
			productName = KSDownloadBackground;
			productReference = 53BDAC9A1D801C2C0092600B /* KSDownloadBackground.app */;
			productType = "com.apple.product-type.application";
		};
		53BDACB21D801C2D0092600B /* KSDownloadBackgroundTests */ = {
			isa = PBXNativeTarget;
			buildConfigurationList = 53BDACCA1D801C2D0092600B /* Build configuration list for PBXNativeTarget "KSDownloadBackgroundTests" */;
			buildPhases = (
				53BDACAF1D801C2D0092600B /* Sources */,
				53BDACB01D801C2D0092600B /* Frameworks */,
				53BDACB11D801C2D0092600B /* Resources */,
			);
			buildRules = (
			);
			dependencies = (
				53BDACB51D801C2D0092600B /* PBXTargetDependency */,
			);
			name = KSDownloadBackgroundTests;
			productName = KSDownloadBackgroundTests;
			productReference = 53BDACB31D801C2D0092600B /* KSDownloadBackgroundTests.xctest */;
			productType = "com.apple.product-type.bundle.unit-test";
		};
		53BDACBD1D801C2D0092600B /* KSDownloadBackgroundUITests */ = {
			isa = PBXNativeTarget;
			buildConfigurationList = 53BDACCD1D801C2D0092600B /* Build configuration list for PBXNativeTarget "KSDownloadBackgroundUITests" */;
			buildPhases = (
				53BDACBA1D801C2D0092600B /* Sources */,
				53BDACBB1D801C2D0092600B /* Frameworks */,
				53BDACBC1D801C2D0092600B /* Resources */,
			);
			buildRules = (
			);
			dependencies = (
				53BDACC01D801C2D0092600B /* PBXTargetDependency */,
			);
			name = KSDownloadBackgroundUITests;
			productName = KSDownloadBackgroundUITests;
			productReference = 53BDACBE1D801C2D0092600B /* KSDownloadBackgroundUITests.xctest */;
			productType = "com.apple.product-type.bundle.ui-testing";
		};
/* End PBXNativeTarget section */

/* Begin PBXProject section */
		53BDAC921D801C2C0092600B /* Project object */ = {
			isa = PBXProject;
			attributes = {
				LastUpgradeCheck = 0730;
				ORGANIZATIONNAME = keith;
				TargetAttributes = {
					53BDAC991D801C2C0092600B = {
						CreatedOnToolsVersion = 7.3.1;
						DevelopmentTeam = A5UAXUG65A;
					};
					53BDACB21D801C2D0092600B = {
						CreatedOnToolsVersion = 7.3.1;
						TestTargetID = 53BDAC991D801C2C0092600B;
					};
					53BDACBD1D801C2D0092600B = {
						CreatedOnToolsVersion = 7.3.1;
						TestTargetID = 53BDAC991D801C2C0092600B;
					};
				};
			};
			buildConfigurationList = 53BDAC951D801C2C0092600B /* Build configuration list for PBXProject "KSDownloadBackground" */;
			compatibilityVersion = "Xcode 3.2";
			developmentRegion = English;
			hasScannedForEncodings = 0;
			knownRegions = (
				en,
				Base,
			);
			mainGroup = 53BDAC911D801C2C0092600B;
			productRefGroup = 53BDAC9B1D801C2C0092600B /* Products */;
			projectDirPath = "";
			projectRoot = "";
			targets = (
				53BDAC991D801C2C0092600B /* KSDownloadBackground */,
				53BDACB21D801C2D0092600B /* KSDownloadBackgroundTests */,
				53BDACBD1D801C2D0092600B /* KSDownloadBackgroundUITests */,
			);
		};
/* End PBXProject section */

/* Begin PBXResourcesBuildPhase section */
		53BDAC981D801C2C0092600B /* Resources */ = {
			isa = PBXResourcesBuildPhase;
			buildActionMask = 2147483647;
			files = (
				53BDACAD1D801C2C0092600B /* LaunchScreen.storyboard in Resources */,
				53BDACAA1D801C2C0092600B /* Assets.xcassets in Resources */,
				53BDACA81D801C2C0092600B /* Main.storyboard in Resources */,
			);
			runOnlyForDeploymentPostprocessing = 0;
		};
		53BDACB11D801C2D0092600B /* Resources */ = {
			isa = PBXResourcesBuildPhase;
			buildActionMask = 2147483647;
			files = (
			);
			runOnlyForDeploymentPostprocessing = 0;
		};
		53BDACBC1D801C2D0092600B /* Resources */ = {
			isa = PBXResourcesBuildPhase;
			buildActionMask = 2147483647;
			files = (
			);
			runOnlyForDeploymentPostprocessing = 0;
		};
/* End PBXResourcesBuildPhase section */

/* Begin PBXShellScriptBuildPhase section */
		596CC0AA6CCB1E84E88F7DC3 /* [CP] Copy Pods Resources */ = {
			isa = PBXShellScriptBuildPhase;
			buildActionMask = 2147483647;
			files = (
			);
			inputPaths = (
			);
			name = "[CP] Copy Pods Resources";
			outputPaths = (
			);
			runOnlyForDeploymentPostprocessing = 0;
			shellPath = /bin/sh;
			shellScript = "\"${SRCROOT}/Pods/Target Support Files/Pods-KSDownloadBackground/Pods-KSDownloadBackground-resources.sh\"\n";
			showEnvVarsInLog = 0;
		};
		A8D076EB96ACAA8628EDCB86 /* [CP] Embed Pods Frameworks */ = {
			isa = PBXShellScriptBuildPhase;
			buildActionMask = 2147483647;
			files = (
			);
			inputPaths = (
			);
			name = "[CP] Embed Pods Frameworks";
			outputPaths = (
			);
			runOnlyForDeploymentPostprocessing = 0;
			shellPath = /bin/sh;
			shellScript = "\"${SRCROOT}/Pods/Target Support Files/Pods-KSDownloadBackground/Pods-KSDownloadBackground-frameworks.sh\"\n";
			showEnvVarsInLog = 0;
		};
		F9C3A7A82405C52BC6071409 /* [CP] Check Pods Manifest.lock */ = {
			isa = PBXShellScriptBuildPhase;
			buildActionMask = 2147483647;
			files = (
			);
			inputPaths = (
			);
			name = "[CP] Check Pods Manifest.lock";
			outputPaths = (
			);
			runOnlyForDeploymentPostprocessing = 0;
			shellPath = /bin/sh;
			shellScript = "diff \"${PODS_ROOT}/../Podfile.lock\" \"${PODS_ROOT}/Manifest.lock\" > /dev/null\nif [[ $? != 0 ]] ; then\n    cat << EOM\nerror: The sandbox is not in sync with the Podfile.lock. Run 'pod install' or update your CocoaPods installation.\nEOM\n    exit 1\nfi\n";
			showEnvVarsInLog = 0;
		};
/* End PBXShellScriptBuildPhase section */

/* Begin PBXSourcesBuildPhase section */
		53BDAC961D801C2C0092600B /* Sources */ = {
			isa = PBXSourcesBuildPhase;
			buildActionMask = 2147483647;
			files = (
				535F57E61D912B6C00A4FBD8 /* Gloabl.m in Sources */,
				53BDACA51D801C2C0092600B /* ViewController.m in Sources */,
				53BDACA21D801C2C0092600B /* AppDelegate.m in Sources */,
				53823A491D912F6F001EA06E /* Downloader.m in Sources */,
				53BDAC9F1D801C2C0092600B /* main.m in Sources */,
			);
			runOnlyForDeploymentPostprocessing = 0;
		};
		53BDACAF1D801C2D0092600B /* Sources */ = {
			isa = PBXSourcesBuildPhase;
			buildActionMask = 2147483647;
			files = (
				53BDACB81D801C2D0092600B /* KSDownloadBackgroundTests.m in Sources */,
			);
			runOnlyForDeploymentPostprocessing = 0;
		};
		53BDACBA1D801C2D0092600B /* Sources */ = {
			isa = PBXSourcesBuildPhase;
			buildActionMask = 2147483647;
			files = (
				53BDACC31D801C2D0092600B /* KSDownloadBackgroundUITests.m in Sources */,
			);
			runOnlyForDeploymentPostprocessing = 0;
		};
/* End PBXSourcesBuildPhase section */

/* Begin PBXTargetDependency section */
		53BDACB51D801C2D0092600B /* PBXTargetDependency */ = {
			isa = PBXTargetDependency;
			target = 53BDAC991D801C2C0092600B /* KSDownloadBackground */;
			targetProxy = 53BDACB41D801C2D0092600B /* PBXContainerItemProxy */;
		};
		53BDACC01D801C2D0092600B /* PBXTargetDependency */ = {
			isa = PBXTargetDependency;
			target = 53BDAC991D801C2C0092600B /* KSDownloadBackground */;
			targetProxy = 53BDACBF1D801C2D0092600B /* PBXContainerItemProxy */;
		};
/* End PBXTargetDependency section */

/* Begin PBXVariantGroup section */
		53BDACA61D801C2C0092600B /* Main.storyboard */ = {
			isa = PBXVariantGroup;
			children = (
				53BDACA71D801C2C0092600B /* Base */,
			);
			name = Main.storyboard;
			sourceTree = "<group>";
		};
		53BDACAB1D801C2C0092600B /* LaunchScreen.storyboard */ = {
			isa = PBXVariantGroup;
			children = (
				53BDACAC1D801C2C0092600B /* Base */,
			);
			name = LaunchScreen.storyboard;
			sourceTree = "<group>";
		};
/* End PBXVariantGroup section */

/* Begin XCBuildConfiguration section */
		53BDACC51D801C2D0092600B /* Debug */ = {
			isa = XCBuildConfiguration;
			buildSettings = {
				ALWAYS_SEARCH_USER_PATHS = NO;
				CLANG_ANALYZER_NONNULL = YES;
				CLANG_CXX_LANGUAGE_STANDARD = "gnu++0x";
				CLANG_CXX_LIBRARY = "libc++";
				CLANG_ENABLE_MODULES = YES;
				CLANG_ENABLE_OBJC_ARC = YES;
				CLANG_WARN_BOOL_CONVERSION = YES;
				CLANG_WARN_CONSTANT_CONVERSION = YES;
				CLANG_WARN_DIRECT_OBJC_ISA_USAGE = YES_ERROR;
				CLANG_WARN_EMPTY_BODY = YES;
				CLANG_WARN_ENUM_CONVERSION = YES;
				CLANG_WARN_INT_CONVERSION = YES;
				CLANG_WARN_OBJC_ROOT_CLASS = YES_ERROR;
				CLANG_WARN_UNREACHABLE_CODE = YES;
				CLANG_WARN__DUPLICATE_METHOD_MATCH = YES;
				"CODE_SIGN_IDENTITY[sdk=iphoneos*]" = "iPhone Developer";
				COPY_PHASE_STRIP = NO;
				DEBUG_INFORMATION_FORMAT = dwarf;
				ENABLE_STRICT_OBJC_MSGSEND = YES;
				ENABLE_TESTABILITY = YES;
				GCC_C_LANGUAGE_STANDARD = gnu99;
				GCC_DYNAMIC_NO_PIC = NO;
				GCC_NO_COMMON_BLOCKS = YES;
				GCC_OPTIMIZATION_LEVEL = 0;
				GCC_PREPROCESSOR_DEFINITIONS = (
					"DEBUG=1",
					"$(inherited)",
				);
				GCC_WARN_64_TO_32_BIT_CONVERSION = YES;
				GCC_WARN_ABOUT_RETURN_TYPE = YES_ERROR;
				GCC_WARN_UNDECLARED_SELECTOR = YES;
				GCC_WARN_UNINITIALIZED_AUTOS = YES_AGGRESSIVE;
				GCC_WARN_UNUSED_FUNCTION = YES;
				GCC_WARN_UNUSED_VARIABLE = YES;
				IPHONEOS_DEPLOYMENT_TARGET = 9.3;
				MTL_ENABLE_DEBUG_INFO = YES;
				ONLY_ACTIVE_ARCH = YES;
				SDKROOT = iphoneos;
				TARGETED_DEVICE_FAMILY = "1,2";
			};
			name = Debug;
		};
		53BDACC61D801C2D0092600B /* Release */ = {
			isa = XCBuildConfiguration;
			buildSettings = {
				ALWAYS_SEARCH_USER_PATHS = NO;
				CLANG_ANALYZER_NONNULL = YES;
				CLANG_CXX_LANGUAGE_STANDARD = "gnu++0x";
				CLANG_CXX_LIBRARY = "libc++";
				CLANG_ENABLE_MODULES = YES;
				CLANG_ENABLE_OBJC_ARC = YES;
				CLANG_WARN_BOOL_CONVERSION = YES;
				CLANG_WARN_CONSTANT_CONVERSION = YES;
				CLANG_WARN_DIRECT_OBJC_ISA_USAGE = YES_ERROR;
				CLANG_WARN_EMPTY_BODY = YES;
				CLANG_WARN_ENUM_CONVERSION = YES;
				CLANG_WARN_INT_CONVERSION = YES;
				CLANG_WARN_OBJC_ROOT_CLASS = YES_ERROR;
				CLANG_WARN_UNREACHABLE_CODE = YES;
				CLANG_WARN__DUPLICATE_METHOD_MATCH = YES;
				"CODE_SIGN_IDENTITY[sdk=iphoneos*]" = "iPhone Developer";
				COPY_PHASE_STRIP = NO;
				DEBUG_INFORMATION_FORMAT = "dwarf-with-dsym";
				ENABLE_NS_ASSERTIONS = NO;
				ENABLE_STRICT_OBJC_MSGSEND = YES;
				GCC_C_LANGUAGE_STANDARD = gnu99;
				GCC_NO_COMMON_BLOCKS = YES;
				GCC_WARN_64_TO_32_BIT_CONVERSION = YES;
				GCC_WARN_ABOUT_RETURN_TYPE = YES_ERROR;
				GCC_WARN_UNDECLARED_SELECTOR = YES;
				GCC_WARN_UNINITIALIZED_AUTOS = YES_AGGRESSIVE;
				GCC_WARN_UNUSED_FUNCTION = YES;
				GCC_WARN_UNUSED_VARIABLE = YES;
				IPHONEOS_DEPLOYMENT_TARGET = 9.3;
				MTL_ENABLE_DEBUG_INFO = NO;
				SDKROOT = iphoneos;
				TARGETED_DEVICE_FAMILY = "1,2";
				VALIDATE_PRODUCT = YES;
			};
			name = Release;
		};
		53BDACC81D801C2D0092600B /* Debug */ = {
			isa = XCBuildConfiguration;
			baseConfigurationReference = 61AB9BF4F5AFAC9552BF7EF6 /* Pods-KSDownloadBackground.debug.xcconfig */;
			buildSettings = {
				ASSETCATALOG_COMPILER_APPICON_NAME = AppIcon;
				DEVELOPMENT_TEAM = A5UAXUG65A;
				INFOPLIST_FILE = KSDownloadBackground/Info.plist;
				LD_RUNPATH_SEARCH_PATHS = "$(inherited) @executable_path/Frameworks";
				PRODUCT_BUNDLE_IDENTIFIER = com.keithxi.test.KSDownloadBackground;
				PRODUCT_NAME = "$(TARGET_NAME)";
			};
			name = Debug;
		};
		53BDACC91D801C2D0092600B /* Release */ = {
			isa = XCBuildConfiguration;
			baseConfigurationReference = 7DBF4F15E3174A46FED04B02 /* Pods-KSDownloadBackground.release.xcconfig */;
			buildSettings = {
				ASSETCATALOG_COMPILER_APPICON_NAME = AppIcon;
				DEVELOPMENT_TEAM = A5UAXUG65A;
				INFOPLIST_FILE = KSDownloadBackground/Info.plist;
				LD_RUNPATH_SEARCH_PATHS = "$(inherited) @executable_path/Frameworks";
				PRODUCT_BUNDLE_IDENTIFIER = com.keithxi.test.KSDownloadBackground;
				PRODUCT_NAME = "$(TARGET_NAME)";
			};
			name = Release;
		};
		53BDACCB1D801C2D0092600B /* Debug */ = {
			isa = XCBuildConfiguration;
			buildSettings = {
				BUNDLE_LOADER = "$(TEST_HOST)";
				INFOPLIST_FILE = KSDownloadBackgroundTests/Info.plist;
				LD_RUNPATH_SEARCH_PATHS = "$(inherited) @executable_path/Frameworks @loader_path/Frameworks";
				PRODUCT_BUNDLE_IDENTIFIER = com.keithxi.test.KSDownloadBackgroundTests;
				PRODUCT_NAME = "$(TARGET_NAME)";
				TEST_HOST = "$(BUILT_PRODUCTS_DIR)/KSDownloadBackground.app/KSDownloadBackground";
			};
			name = Debug;
		};
		53BDACCC1D801C2D0092600B /* Release */ = {
			isa = XCBuildConfiguration;
			buildSettings = {
				BUNDLE_LOADER = "$(TEST_HOST)";
				INFOPLIST_FILE = KSDownloadBackgroundTests/Info.plist;
				LD_RUNPATH_SEARCH_PATHS = "$(inherited) @executable_path/Frameworks @loader_path/Frameworks";
				PRODUCT_BUNDLE_IDENTIFIER = com.keithxi.test.KSDownloadBackgroundTests;
				PRODUCT_NAME = "$(TARGET_NAME)";
				TEST_HOST = "$(BUILT_PRODUCTS_DIR)/KSDownloadBackground.app/KSDownloadBackground";
			};
			name = Release;
		};
		53BDACCE1D801C2D0092600B /* Debug */ = {
			isa = XCBuildConfiguration;
			buildSettings = {
				INFOPLIST_FILE = KSDownloadBackgroundUITests/Info.plist;
				LD_RUNPATH_SEARCH_PATHS = "$(inherited) @executable_path/Frameworks @loader_path/Frameworks";
				PRODUCT_BUNDLE_IDENTIFIER = com.keithxi.test.KSDownloadBackgroundUITests;
				PRODUCT_NAME = "$(TARGET_NAME)";
				TEST_TARGET_NAME = KSDownloadBackground;
			};
			name = Debug;
		};
		53BDACCF1D801C2D0092600B /* Release */ = {
			isa = XCBuildConfiguration;
			buildSettings = {
				INFOPLIST_FILE = KSDownloadBackgroundUITests/Info.plist;
				LD_RUNPATH_SEARCH_PATHS = "$(inherited) @executable_path/Frameworks @loader_path/Frameworks";
				PRODUCT_BUNDLE_IDENTIFIER = com.keithxi.test.KSDownloadBackgroundUITests;
				PRODUCT_NAME = "$(TARGET_NAME)";
				TEST_TARGET_NAME = KSDownloadBackground;
			};
			name = Release;
		};
/* End XCBuildConfiguration section */

/* Begin XCConfigurationList section */
		53BDAC951D801C2C0092600B /* Build configuration list for PBXProject "KSDownloadBackground" */ = {
			isa = XCConfigurationList;
			buildConfigurations = (
				53BDACC51D801C2D0092600B /* Debug */,
				53BDACC61D801C2D0092600B /* Release */,
			);
			defaultConfigurationIsVisible = 0;
			defaultConfigurationName = Release;
		};
		53BDACC71D801C2D0092600B /* Build configuration list for PBXNativeTarget "KSDownloadBackground" */ = {
			isa = XCConfigurationList;
			buildConfigurations = (
				53BDACC81D801C2D0092600B /* Debug */,
				53BDACC91D801C2D0092600B /* Release */,
			);
			defaultConfigurationIsVisible = 0;
			defaultConfigurationName = Release;
		};
		53BDACCA1D801C2D0092600B /* Build configuration list for PBXNativeTarget "KSDownloadBackgroundTests" */ = {
			isa = XCConfigurationList;
			buildConfigurations = (
				53BDACCB1D801C2D0092600B /* Debug */,
				53BDACCC1D801C2D0092600B /* Release */,
			);
			defaultConfigurationIsVisible = 0;
			defaultConfigurationName = Release;
		};
		53BDACCD1D801C2D0092600B /* Build configuration list for PBXNativeTarget "KSDownloadBackgroundUITests" */ = {
			isa = XCConfigurationList;
			buildConfigurations = (
				53BDACCE1D801C2D0092600B /* Debug */,
				53BDACCF1D801C2D0092600B /* Release */,
			);
			defaultConfigurationIsVisible = 0;
			defaultConfigurationName = Release;
		};
/* End XCConfigurationList section */
	};
	rootObject = 53BDAC921D801C2C0092600B /* Project object */;
}
